// !$*UTF8*$!
{
	archiveVersion = 1;
	classes = {
	};
	objectVersion = 46;
	objects = {

/* Begin PBXBuildFile section */
		39017A4F1CA2E91B00224256 /* main.m in Sources */ = {isa = PBXBuildFile; fileRef = 39017A4E1CA2E91B00224256 /* main.m */; };
		39017A521CA2E91B00224256 /* AppDelegate.m in Sources */ = {isa = PBXBuildFile; fileRef = 39017A511CA2E91B00224256 /* AppDelegate.m */; };
		39017A581CA2E91B00224256 /* Main.storyboard in Resources */ = {isa = PBXBuildFile; fileRef = 39017A561CA2E91B00224256 /* Main.storyboard */; };
		39017A5A1CA2E91B00224256 /* Assets.xcassets in Resources */ = {isa = PBXBuildFile; fileRef = 39017A591CA2E91B00224256 /* Assets.xcassets */; };
		39017A5D1CA2E91B00224256 /* LaunchScreen.storyboard in Resources */ = {isa = PBXBuildFile; fileRef = 39017A5B1CA2E91B00224256 /* LaunchScreen.storyboard */; };
		39017A691CA2EC1F00224256 /* Photo.m in Sources */ = {isa = PBXBuildFile; fileRef = 39017A681CA2EC1F00224256 /* Photo.m */; };
		39017A6C1CA2EEC500224256 /* ViewController.m in Sources */ = {isa = PBXBuildFile; fileRef = 39017A6B1CA2EEC500224256 /* ViewController.m */; };
		39017A6F1CA2F13100224256 /* PhotoCell.m in Sources */ = {isa = PBXBuildFile; fileRef = 39017A6E1CA2F13100224256 /* PhotoCell.m */; };
		39017A7A1CA312F100224256 /* burningman.jpg in Resources */ = {isa = PBXBuildFile; fileRef = 39017A701CA312F100224256 /* burningman.jpg */; };
		39017A7B1CA312F100224256 /* camp reset.jpg in Resources */ = {isa = PBXBuildFile; fileRef = 39017A711CA312F100224256 /* camp reset.jpg */; };
		39017A7C1CA312F100224256 /* Gabriel.jpg in Resources */ = {isa = PBXBuildFile; fileRef = 39017A721CA312F100224256 /* Gabriel.jpg */; };
		39017A7D1CA312F100224256 /* Duo.jpg in Resources */ = {isa = PBXBuildFile; fileRef = 39017A731CA312F100224256 /* Duo.jpg */; };
		39017A7E1CA312F100224256 /* Milo1.jpg in Resources */ = {isa = PBXBuildFile; fileRef = 39017A741CA312F100224256 /* Milo1.jpg */; };
		39017A7F1CA312F100224256 /* autumn.jpg in Resources */ = {isa = PBXBuildFile; fileRef = 39017A751CA312F100224256 /* autumn.jpg */; };
		39017A801CA312F100224256 /* me chillin.jpg in Resources */ = {isa = PBXBuildFile; fileRef = 39017A761CA312F100224256 /* me chillin.jpg */; };
		39017A811CA312F100224256 /* me chillin2.jpg in Resources */ = {isa = PBXBuildFile; fileRef = 39017A771CA312F100224256 /* me chillin2.jpg */; };
		39017A821CA312F100224256 /* will lam.jpg in Resources */ = {isa = PBXBuildFile; fileRef = 39017A781CA312F100224256 /* will lam.jpg */; };
		39017A831CA312F100224256 /* y.jpeg in Resources */ = {isa = PBXBuildFile; fileRef = 39017A791CA312F100224256 /* y.jpeg */; };
/* End PBXBuildFile section */

/* Begin PBXFileReference section */
		39017A4A1CA2E91B00224256 /* instakilo.app */ = {isa = PBXFileReference; explicitFileType = wrapper.application; includeInIndex = 0; path = instakilo.app; sourceTree = BUILT_PRODUCTS_DIR; };
		39017A4E1CA2E91B00224256 /* main.m */ = {isa = PBXFileReference; lastKnownFileType = sourcecode.c.objc; path = main.m; sourceTree = "<group>"; };
		39017A501CA2E91B00224256 /* AppDelegate.h */ = {isa = PBXFileReference; lastKnownFileType = sourcecode.c.h; path = AppDelegate.h; sourceTree = "<group>"; };
		39017A511CA2E91B00224256 /* AppDelegate.m */ = {isa = PBXFileReference; lastKnownFileType = sourcecode.c.objc; path = AppDelegate.m; sourceTree = "<group>"; };
		39017A571CA2E91B00224256 /* Base */ = {isa = PBXFileReference; lastKnownFileType = file.storyboard; name = Base; path = Base.lproj/Main.storyboard; sourceTree = "<group>"; };
		39017A591CA2E91B00224256 /* Assets.xcassets */ = {isa = PBXFileReference; lastKnownFileType = folder.assetcatalog; path = Assets.xcassets; sourceTree = "<group>"; };
		39017A5C1CA2E91B00224256 /* Base */ = {isa = PBXFileReference; lastKnownFileType = file.storyboard; name = Base; path = Base.lproj/LaunchScreen.storyboard; sourceTree = "<group>"; };
		39017A5E1CA2E91B00224256 /* Info.plist */ = {isa = PBXFileReference; lastKnownFileType = text.plist.xml; path = Info.plist; sourceTree = "<group>"; };
		39017A671CA2EC1E00224256 /* Photo.h */ = {isa = PBXFileReference; fileEncoding = 4; lastKnownFileType = sourcecode.c.h; path = Photo.h; sourceTree = "<group>"; };
		39017A681CA2EC1F00224256 /* Photo.m */ = {isa = PBXFileReference; fileEncoding = 4; lastKnownFileType = sourcecode.c.objc; path = Photo.m; sourceTree = "<group>"; };
		39017A6A1CA2EEC500224256 /* ViewController.h */ = {isa = PBXFileReference; fileEncoding = 4; lastKnownFileType = sourcecode.c.h; path = ViewController.h; sourceTree = "<group>"; };
		39017A6B1CA2EEC500224256 /* ViewController.m */ = {isa = PBXFileReference; fileEncoding = 4; lastKnownFileType = sourcecode.c.objc; path = ViewController.m; sourceTree = "<group>"; };
		39017A6D1CA2F13100224256 /* PhotoCell.h */ = {isa = PBXFileReference; fileEncoding = 4; lastKnownFileType = sourcecode.c.h; path = PhotoCell.h; sourceTree = "<group>"; };
		39017A6E1CA2F13100224256 /* PhotoCell.m */ = {isa = PBXFileReference; fileEncoding = 4; lastKnownFileType = sourcecode.c.objc; path = PhotoCell.m; sourceTree = "<group>"; };
		39017A701CA312F100224256 /* burningman.jpg */ = {isa = PBXFileReference; lastKnownFileType = image.jpeg; name = burningman.jpg; path = ../../../../lighthouse/instakilo/instakilo/burningman.jpg; sourceTree = "<group>"; };
		39017A711CA312F100224256 /* camp reset.jpg */ = {isa = PBXFileReference; lastKnownFileType = image.jpeg; name = "camp reset.jpg"; path = "../../../../lighthouse/instakilo/instakilo/camp reset.jpg"; sourceTree = "<group>"; };
		39017A721CA312F100224256 /* Gabriel.jpg */ = {isa = PBXFileReference; lastKnownFileType = image.jpeg; name = Gabriel.jpg; path = ../../../../lighthouse/instakilo/instakilo/Gabriel.jpg; sourceTree = "<group>"; };
		39017A731CA312F100224256 /* Duo.jpg */ = {isa = PBXFileReference; lastKnownFileType = image.jpeg; name = Duo.jpg; path = ../../../../lighthouse/instakilo/instakilo/Duo.jpg; sourceTree = "<group>"; };
		39017A741CA312F100224256 /* Milo1.jpg */ = {isa = PBXFileReference; lastKnownFileType = image.jpeg; name = Milo1.jpg; path = ../../../../lighthouse/instakilo/instakilo/Milo1.jpg; sourceTree = "<group>"; };
		39017A751CA312F100224256 /* autumn.jpg */ = {isa = PBXFileReference; lastKnownFileType = image.jpeg; name = autumn.jpg; path = ../../../../lighthouse/instakilo/instakilo/autumn.jpg; sourceTree = "<group>"; };
		39017A761CA312F100224256 /* me chillin.jpg */ = {isa = PBXFileReference; lastKnownFileType = image.jpeg; name = "me chillin.jpg"; path = "../../../../lighthouse/instakilo/instakilo/me chillin.jpg"; sourceTree = "<group>"; };
		39017A771CA312F100224256 /* me chillin2.jpg */ = {isa = PBXFileReference; lastKnownFileType = image.jpeg; name = "me chillin2.jpg"; path = "../../../../lighthouse/instakilo/instakilo/me chillin2.jpg"; sourceTree = "<group>"; };
		39017A781CA312F100224256 /* will lam.jpg */ = {isa = PBXFileReference; lastKnownFileType = image.jpeg; name = "will lam.jpg"; path = "../../../../lighthouse/instakilo/instakilo/will lam.jpg"; sourceTree = "<group>"; };
		39017A791CA312F100224256 /* y.jpeg */ = {isa = PBXFileReference; lastKnownFileType = image.jpeg; name = y.jpeg; path = ../../../../lighthouse/instakilo/instakilo/y.jpeg; sourceTree = "<group>"; };
/* End PBXFileReference section */

/* Begin PBXFrameworksBuildPhase section */
		39017A471CA2E91B00224256 /* Frameworks */ = {
			isa = PBXFrameworksBuildPhase;
			buildActionMask = 2147483647;
			files = (
			);
			runOnlyForDeploymentPostprocessing = 0;
		};
/* End PBXFrameworksBuildPhase section */

/* Begin PBXGroup section */
		39017A411CA2E91B00224256 = {
			isa = PBXGroup;
			children = (
				39017A4C1CA2E91B00224256 /* instakilo */,
				39017A4B1CA2E91B00224256 /* Products */,
			);
			sourceTree = "<group>";
		};
		39017A4B1CA2E91B00224256 /* Products */ = {
			isa = PBXGroup;
			children = (
				39017A4A1CA2E91B00224256 /* instakilo.app */,
			);
			name = Products;
			sourceTree = "<group>";
		};
		39017A4C1CA2E91B00224256 /* instakilo */ = {
			isa = PBXGroup;
			children = (
				39017A501CA2E91B00224256 /* AppDelegate.h */,
				39017A511CA2E91B00224256 /* AppDelegate.m */,
				39017A6A1CA2EEC500224256 /* ViewController.h */,
				39017A6B1CA2EEC500224256 /* ViewController.m */,
				39017A671CA2EC1E00224256 /* Photo.h */,
				39017A681CA2EC1F00224256 /* Photo.m */,
				39017A6D1CA2F13100224256 /* PhotoCell.h */,
				39017A6E1CA2F13100224256 /* PhotoCell.m */,
				39017A561CA2E91B00224256 /* Main.storyboard */,
				39017A591CA2E91B00224256 /* Assets.xcassets */,
				39017A5B1CA2E91B00224256 /* LaunchScreen.storyboard */,
				39017A5E1CA2E91B00224256 /* Info.plist */,
				39017A4D1CA2E91B00224256 /* Supporting Files */,
			);
			path = instakilo;
			sourceTree = "<group>";
		};
		39017A4D1CA2E91B00224256 /* Supporting Files */ = {
			isa = PBXGroup;
			children = (
				39017A701CA312F100224256 /* burningman.jpg */,
				39017A711CA312F100224256 /* camp reset.jpg */,
				39017A721CA312F100224256 /* Gabriel.jpg */,
				39017A731CA312F100224256 /* Duo.jpg */,
				39017A741CA312F100224256 /* Milo1.jpg */,
				39017A751CA312F100224256 /* autumn.jpg */,
				39017A761CA312F100224256 /* me chillin.jpg */,
				39017A771CA312F100224256 /* me chillin2.jpg */,
				39017A781CA312F100224256 /* will lam.jpg */,
				39017A791CA312F100224256 /* y.jpeg */,
				39017A4E1CA2E91B00224256 /* main.m */,
			);
			name = "Supporting Files";
			sourceTree = "<group>";
		};
/* End PBXGroup section */

/* Begin PBXNativeTarget section */
		39017A491CA2E91B00224256 /* instakilo */ = {
			isa = PBXNativeTarget;
			buildConfigurationList = 39017A611CA2E91B00224256 /* Build configuration list for PBXNativeTarget "instakilo" */;
			buildPhases = (
				39017A461CA2E91B00224256 /* Sources */,
				39017A471CA2E91B00224256 /* Frameworks */,
				39017A481CA2E91B00224256 /* Resources */,
			);
			buildRules = (
			);
			dependencies = (
			);
			name = instakilo;
			productName = instakilo;
			productReference = 39017A4A1CA2E91B00224256 /* instakilo.app */;
			productType = "com.apple.product-type.application";
		};
/* End PBXNativeTarget section */

/* Begin PBXProject section */
		39017A421CA2E91B00224256 /* Project object */ = {
			isa = PBXProject;
			attributes = {
				LastUpgradeCheck = 0720;
				ORGANIZATIONNAME = "William Lam";
				TargetAttributes = {
					39017A491CA2E91B00224256 = {
						CreatedOnToolsVersion = 7.2.1;
						DevelopmentTeam = 7E24WC8BA8;
					};
				};
			};
			buildConfigurationList = 39017A451CA2E91B00224256 /* Build configuration list for PBXProject "instakilo" */;
			compatibilityVersion = "Xcode 3.2";
			developmentRegion = English;
			hasScannedForEncodings = 0;
			knownRegions = (
				en,
				Base,
			);
			mainGroup = 39017A411CA2E91B00224256;
			productRefGroup = 39017A4B1CA2E91B00224256 /* Products */;
			projectDirPath = "";
			projectRoot = "";
			targets = (
				39017A491CA2E91B00224256 /* instakilo */,
			);
		};
/* End PBXProject section */

/* Begin PBXResourcesBuildPhase section */
		39017A481CA2E91B00224256 /* Resources */ = {
			isa = PBXResourcesBuildPhase;
			buildActionMask = 2147483647;
			files = (
				39017A831CA312F100224256 /* y.jpeg in Resources */,
				39017A5D1CA2E91B00224256 /* LaunchScreen.storyboard in Resources */,
				39017A821CA312F100224256 /* will lam.jpg in Resources */,
				39017A5A1CA2E91B00224256 /* Assets.xcassets in Resources */,
				39017A7E1CA312F100224256 /* Milo1.jpg in Resources */,
				39017A7F1CA312F100224256 /* autumn.jpg in Resources */,
				39017A7B1CA312F100224256 /* camp reset.jpg in Resources */,
				39017A7A1CA312F100224256 /* burningman.jpg in Resources */,
				39017A7C1CA312F100224256 /* Gabriel.jpg in Resources */,
				39017A581CA2E91B00224256 /* Main.storyboard in Resources */,
				39017A801CA312F100224256 /* me chillin.jpg in Resources */,
				39017A811CA312F100224256 /* me chillin2.jpg in Resources */,
				39017A7D1CA312F100224256 /* Duo.jpg in Resources */,
			);
			runOnlyForDeploymentPostprocessing = 0;
		};
/* End PBXResourcesBuildPhase section */

/* Begin PBXSourcesBuildPhase section */
		39017A461CA2E91B00224256 /* Sources */ = {
			isa = PBXSourcesBuildPhase;
			buildActionMask = 2147483647;
			files = (
				39017A691CA2EC1F00224256 /* Photo.m in Sources */,
				39017A6F1CA2F13100224256 /* PhotoCell.m in Sources */,
				39017A521CA2E91B00224256 /* AppDelegate.m in Sources */,
				39017A6C1CA2EEC500224256 /* ViewController.m in Sources */,
				39017A4F1CA2E91B00224256 /* main.m in Sources */,
			);
			runOnlyForDeploymentPostprocessing = 0;
		};
/* End PBXSourcesBuildPhase section */

/* Begin PBXVariantGroup section */
		39017A561CA2E91B00224256 /* Main.storyboard */ = {
			isa = PBXVariantGroup;
			children = (
				39017A571CA2E91B00224256 /* Base */,
			);
			name = Main.storyboard;
			sourceTree = "<group>";
		};
		39017A5B1CA2E91B00224256 /* LaunchScreen.storyboard */ = {
			isa = PBXVariantGroup;
			children = (
				39017A5C1CA2E91B00224256 /* Base */,
			);
			name = LaunchScreen.storyboard;
			sourceTree = "<group>";
		};
/* End PBXVariantGroup section */

/* Begin XCBuildConfiguration section */
		39017A5F1CA2E91B00224256 /* Debug */ = {
			isa = XCBuildConfiguration;
			buildSettings = {
				ALWAYS_SEARCH_USER_PATHS = NO;
				CLANG_CXX_LANGUAGE_STANDARD = "gnu++0x";
				CLANG_CXX_LIBRARY = "libc++";
				CLANG_ENABLE_MODULES = YES;
				CLANG_ENABLE_OBJC_ARC = YES;
				CLANG_WARN_BOOL_CONVERSION = YES;
				CLANG_WARN_CONSTANT_CONVERSION = YES;
				CLANG_WARN_DIRECT_OBJC_ISA_USAGE = YES_ERROR;
				CLANG_WARN_EMPTY_BODY = YES;
				CLANG_WARN_ENUM_CONVERSION = YES;
				CLANG_WARN_INT_CONVERSION = YES;
				CLANG_WARN_OBJC_ROOT_CLASS = YES_ERROR;
				CLANG_WARN_UNREACHABLE_CODE = YES;
				CLANG_WARN__DUPLICATE_METHOD_MATCH = YES;
				"CODE_SIGN_IDENTITY[sdk=iphoneos*]" = "iPhone Developer";
				COPY_PHASE_STRIP = NO;
				DEBUG_INFORMATION_FORMAT = dwarf;
				ENABLE_STRICT_OBJC_MSGSEND = YES;
				ENABLE_TESTABILITY = YES;
				GCC_C_LANGUAGE_STANDARD = gnu99;
				GCC_DYNAMIC_NO_PIC = NO;
				GCC_NO_COMMON_BLOCKS = YES;
				GCC_OPTIMIZATION_LEVEL = 0;
				GCC_PREPROCESSOR_DEFINITIONS = (
					"DEBUG=1",
					"$(inherited)",
				);
				GCC_WARN_64_TO_32_BIT_CONVERSION = YES;
				GCC_WARN_ABOUT_RETURN_TYPE = YES_ERROR;
				GCC_WARN_UNDECLARED_SELECTOR = YES;
				GCC_WARN_UNINITIALIZED_AUTOS = YES_AGGRESSIVE;
				GCC_WARN_UNUSED_FUNCTION = YES;
				GCC_WARN_UNUSED_VARIABLE = YES;
				IPHONEOS_DEPLOYMENT_TARGET = 9.2;
				MTL_ENABLE_DEBUG_INFO = YES;
				ONLY_ACTIVE_ARCH = YES;
				SDKROOT = iphoneos;
			};
			name = Debug;
		};
		39017A601CA2E91B00224256 /* Release */ = {
			isa = XCBuildConfiguration;
			buildSettings = {
				ALWAYS_SEARCH_USER_PATHS = NO;
				CLANG_CXX_LANGUAGE_STANDARD = "gnu++0x";
				CLANG_CXX_LIBRARY = "libc++";
				CLANG_ENABLE_MODULES = YES;
				CLANG_ENABLE_OBJC_ARC = YES;
				CLANG_WARN_BOOL_CONVERSION = YES;
				CLANG_WARN_CONSTANT_CONVERSION = YES;
				CLANG_WARN_DIRECT_OBJC_ISA_USAGE = YES_ERROR;
				CLANG_WARN_EMPTY_BODY = YES;
				CLANG_WARN_ENUM_CONVERSION = YES;
				CLANG_WARN_INT_CONVERSION = YES;
				CLANG_WARN_OBJC_ROOT_CLASS = YES_ERROR;
				CLANG_WARN_UNREACHABLE_CODE = YES;
				CLANG_WARN__DUPLICATE_METHOD_MATCH = YES;
				"CODE_SIGN_IDENTITY[sdk=iphoneos*]" = "iPhone Developer";
				COPY_PHASE_STRIP = NO;
				DEBUG_INFORMATION_FORMAT = "dwarf-with-dsym";
				ENABLE_NS_ASSERTIONS = NO;
				ENABLE_STRICT_OBJC_MSGSEND = YES;
				GCC_C_LANGUAGE_STANDARD = gnu99;
				GCC_NO_COMMON_BLOCKS = YES;
				GCC_WARN_64_TO_32_BIT_CONVERSION = YES;
				GCC_WARN_ABOUT_RETURN_TYPE = YES_ERROR;
				GCC_WARN_UNDECLARED_SELECTOR = YES;
				GCC_WARN_UNINITIALIZED_AUTOS = YES_AGGRESSIVE;
				GCC_WARN_UNUSED_FUNCTION = YES;
				GCC_WARN_UNUSED_VARIABLE = YES;
				IPHONEOS_DEPLOYMENT_TARGET = 9.2;
				MTL_ENABLE_DEBUG_INFO = NO;
				SDKROOT = iphoneos;
				VALIDATE_PRODUCT = YES;
			};
			name = Release;
		};
		39017A621CA2E91B00224256 /* Debug */ = {
			isa = XCBuildConfiguration;
			buildSettings = {
				ASSETCATALOG_COMPILER_APPICON_NAME = AppIcon;
				INFOPLIST_FILE = instakilo/Info.plist;
				LD_RUNPATH_SEARCH_PATHS = "$(inherited) @executable_path/Frameworks";
				PRODUCT_BUNDLE_IDENTIFIER = willlam.instakilo;
				PRODUCT_NAME = "$(TARGET_NAME)";
				TARGETED_DEVICE_FAMILY = "1,2";
			};
			name = Debug;
		};
		39017A631CA2E91B00224256 /* Release */ = {
			isa = XCBuildConfiguration;
			buildSettings = {
				ASSETCATALOG_COMPILER_APPICON_NAME = AppIcon;
				INFOPLIST_FILE = instakilo/Info.plist;
				LD_RUNPATH_SEARCH_PATHS = "$(inherited) @executable_path/Frameworks";
				PRODUCT_BUNDLE_IDENTIFIER = willlam.instakilo;
				PRODUCT_NAME = "$(TARGET_NAME)";
				TARGETED_DEVICE_FAMILY = "1,2";
			};
			name = Release;
		};
/* End XCBuildConfiguration section */

/* Begin XCConfigurationList section */
		39017A451CA2E91B00224256 /* Build configuration list for PBXProject "instakilo" */ = {
			isa = XCConfigurationList;
			buildConfigurations = (
				39017A5F1CA2E91B00224256 /* Debug */,
				39017A601CA2E91B00224256 /* Release */,
			);
			defaultConfigurationIsVisible = 0;
			defaultConfigurationName = Release;
		};
		39017A611CA2E91B00224256 /* Build configuration list for PBXNativeTarget "instakilo" */ = {
			isa = XCConfigurationList;
			buildConfigurations = (
				39017A621CA2E91B00224256 /* Debug */,
				39017A631CA2E91B00224256 /* Release */,
			);
			defaultConfigurationIsVisible = 0;
		};
/* End XCConfigurationList section */
	};
	rootObject = 39017A421CA2E91B00224256 /* Project object */;
}
